
Microsoft Visual Studio Solution File, Format Version 12.00
# Visual Studio Version 17
VisualStudioVersion = 17.13.35825.156
MinimumVisualStudioVersion = 10.0.40219.1
Project("{FAE04EC0-301F-11D3-BF4B-00C04F79EFBC}") = "MultiJump", "MultiJump\MultiJump.csproj", "{FA6B3C7E-56C0-4B09-A070-30C5AD92291C}"
EndProject
Global
	GlobalSection(SolutionConfigurationPlatforms) = preSolution
		Debug|Any CPU = Debug|Any CPU
		Release|Any CPU = Release|Any CPU
	EndGlobalSection
	GlobalSection(ProjectConfigurationPlatforms) = postSolution
		{FA6B3C7E-56C0-4B09-A070-30C5AD92291C}.Debug|Any CPU.ActiveCfg = Debug|Any CPU
		{FA6B3C7E-56C0-4B09-A070-30C5AD92291C}.Debug|Any CPU.Build.0 = Debug|Any CPU
		{FA6B3C7E-56C0-4B09-A070-30C5AD92291C}.Release|Any CPU.ActiveCfg = Release|Any CPU
		{FA6B3C7E-56C0-4B09-A070-30C5AD92291C}.Release|Any CPU.Build.0 = Release|Any CPU
	EndGlobalSection
	GlobalSection(SolutionProperties) = preSolution
		HideSolutionNode = FALSE
	EndGlobalSection
	GlobalSection(ExtensibilityGlobals) = postSolution
		SolutionGuid = {BDB78374-8089-41C4-BFD6-6A633A2F68E8}
	EndGlobalSection
EndGlobal
